<?xml version="1.0" encoding="utf-8"?>
<Project ToolsVersion="4.0" xmlns="http://schemas.microsoft.com/developer/msbuild/2003">
  <ItemGroup>
    <Filter Include="Source Files">
      <UniqueIdentifier>{4FC737F1-C7A5-4376-A066-2A32D752A2FF}</UniqueIdentifier>
      <Extensions>cpp;cxx;c;def</Extensions>
    </Filter>
    <Filter Include="Header Files">
      <UniqueIdentifier>{93995380-89BD-4b04-88EB-625FBE52EBFB}</UniqueIdentifier>
      <Extensions>h</Extensions>
    </Filter>
    <Filter Include="Form Files">
      <UniqueIdentifier>{99349809-55BA-4b9d-BF79-8FDBB0286EB3}</UniqueIdentifier>
      <Extensions>ui</Extensions>
    </Filter>
    <Filter Include="Resource Files">
      <UniqueIdentifier>{D9D6E242-F8AF-46E4-B9FD-80ECBC20BA3E}</UniqueIdentifier>
      <Extensions>qrc;*</Extensions>
      <ParseFiles>false</ParseFiles>
    </Filter>
    <Filter Include="Generated Files">
      <UniqueIdentifier>{71ED8ED8-ACB9-4CE9-BBE1-E00B30144E11}</UniqueIdentifier>
      <Extensions>moc;h;cpp</Extensions>
      <SourceControlFiles>False</SourceControlFiles>
    </Filter>
    <Filter Include="Generated Files\Debug">
      <UniqueIdentifier>{27100e3b-5865-4304-bca4-1634df847b98}</UniqueIdentifier>
      <Extensions>cpp;moc</Extensions>
      <SourceControlFiles>False</SourceControlFiles>
    </Filter>
    <Filter Include="Generated Files\Release">
      <UniqueIdentifier>{f0f5e515-4e0d-4f2e-be57-c8c45b77cfd2}</UniqueIdentifier>
      <Extensions>cpp;moc</Extensions>
      <SourceControlFiles>False</SourceControlFiles>
    </Filter>
    <Filter Include="Header Files\Widgets">
      <UniqueIdentifier>{6619f16d-9c74-4161-b15c-5849867a08fc}</UniqueIdentifier>
    </Filter>
    <Filter Include="Source Files\Widgets">
      <UniqueIdentifier>{bb016534-85f2-4754-8466-b871c853cdb5}</UniqueIdentifier>
    </Filter>
    <Filter Include="Header Files\ExternalConnection">
      <UniqueIdentifier>{f880e073-cf3f-40ae-8b0d-13b9f07b9aea}</UniqueIdentifier>
    </Filter>
    <Filter Include="Source Files\ExternalConnection">
      <UniqueIdentifier>{42ccae5d-eb7f-4827-b1a4-c8da169f7786}</UniqueIdentifier>
    </Filter>
  </ItemGroup>
  <ItemGroup>
    <ClCompile Include="main.cpp">
      <Filter>Source Files</Filter>
    </ClCompile>
    <ClCompile Include="GeneratedFiles\Debug\moc_aircoolcontroll.cpp">
      <Filter>Generated Files\Debug</Filter>
    </ClCompile>
    <ClCompile Include="GeneratedFiles\Release\moc_aircoolcontroll.cpp">
      <Filter>Generated Files\Release</Filter>
    </ClCompile>
    <ClCompile Include="GeneratedFiles\qrc_aircoolcontroll.cpp">
      <Filter>Generated Files</Filter>
    </ClCompile>
    <ClCompile Include="GeneratedFiles\Debug\moc_connectionlog.cpp">
      <Filter>Generated Files\Debug</Filter>
    </ClCompile>
    <ClCompile Include="GeneratedFiles\Release\moc_connectionlog.cpp">
      <Filter>Generated Files\Release</Filter>
    </ClCompile>
    <ClCompile Include="GeneratedFiles\Debug\moc_coolerstatewidget.cpp">
      <Filter>Generated Files\Debug</Filter>
    </ClCompile>
    <ClCompile Include="GeneratedFiles\Release\moc_coolerstatewidget.cpp">
      <Filter>Generated Files\Release</Filter>
    </ClCompile>
    <ClCompile Include="GeneratedFiles\Debug\moc_externalcontrollmanager.cpp">
      <Filter>Generated Files\Debug</Filter>
    </ClCompile>
    <ClCompile Include="GeneratedFiles\Release\moc_externalcontrollmanager.cpp">
      <Filter>Generated Files\Release</Filter>
    </ClCompile>
    <ClCompile Include="GeneratedFiles\Debug\moc_externalconnector.cpp">
      <Filter>Generated Files\Debug</Filter>
    </ClCompile>
    <ClCompile Include="GeneratedFiles\Release\moc_externalconnector.cpp">
      <Filter>Generated Files\Release</Filter>
    </ClCompile>
    <ClCompile Include="GeneratedFiles\Debug\moc_iplineedit.cpp">
      <Filter>Generated Files\Debug</Filter>
    </ClCompile>
    <ClCompile Include="GeneratedFiles\Release\moc_iplineedit.cpp">
      <Filter>Generated Files\Release</Filter>
    </ClCompile>
    <ClCompile Include="Logger.cpp">
      <Filter>Source Files</Filter>
    </ClCompile>
    <ClCompile Include="Configurator.cpp">
      <Filter>Source Files</Filter>
    </ClCompile>
    <ClCompile Include="modbusuart_impl.cpp">
      <Filter>Source Files</Filter>
    </ClCompile>
    <ClCompile Include="GeneratedFiles\Debug\moc_modbusuart_impl.cpp">
      <Filter>Generated Files\Debug</Filter>
    </ClCompile>
    <ClCompile Include="GeneratedFiles\Release\moc_modbusuart_impl.cpp">
      <Filter>Generated Files\Release</Filter>
    </ClCompile>
    <ClCompile Include="GeneratedFiles\Debug\moc_Cooller_ModbusController.cpp">
      <Filter>Generated Files\Debug</Filter>
    </ClCompile>
    <ClCompile Include="GeneratedFiles\Release\moc_Cooller_ModbusController.cpp">
      <Filter>Generated Files\Release</Filter>
    </ClCompile>
    <ClCompile Include="Cooller_ModbusController.cpp">
      <Filter>Source Files</Filter>
    </ClCompile>
    <ClCompile Include="ConfigMap.cpp">
      <Filter>Source Files</Filter>
    </ClCompile>
    <ClCompile Include="aircoolcontroll.cpp">
      <Filter>Source Files\Widgets</Filter>
    </ClCompile>
    <ClCompile Include="coolerstatewidget.cpp">
      <Filter>Source Files\Widgets</Filter>
    </ClCompile>
    <ClCompile Include="iplineedit.cpp">
      <Filter>Source Files\Widgets</Filter>
    </ClCompile>
    <ClCompile Include="externalconnector.cpp">
      <Filter>Source Files\ExternalConnection</Filter>
    </ClCompile>
    <ClCompile Include="externalcontrollmanager.cpp">
      <Filter>Source Files\ExternalConnection</Filter>
    </ClCompile>
    <ClCompile Include="RequestRouter.cpp">
      <Filter>Source Files\ExternalConnection</Filter>
    </ClCompile>
    <ClCompile Include="Interval.cpp">
      <Filter>Source Files</Filter>
    </ClCompile>
    <ClCompile Include="VersionStorage.cpp">
      <Filter>Source Files</Filter>
    </ClCompile>
    <ClCompile Include="ModbusDriver.cpp">
      <Filter>Source Files</Filter>
    </ClCompile>
    <ClCompile Include="GeneratedFiles\Debug\moc_ModbusDriver.cpp">
      <Filter>Generated Files\Debug</Filter>
    </ClCompile>
    <ClCompile Include="GeneratedFiles\Release\moc_ModbusDriver.cpp">
      <Filter>Generated Files\Release</Filter>
    </ClCompile>
    <ClCompile Include="GeneratedFiles\Debug\moc_coollergraphwidget.cpp">
      <Filter>Generated Files\Debug</Filter>
    </ClCompile>
    <ClCompile Include="GeneratedFiles\Release\moc_coollergraphwidget.cpp">
      <Filter>Generated Files\Release</Filter>
    </ClCompile>
    <ClCompile Include="coollergraphwidget.cpp">
      <Filter>Source Files\Widgets</Filter>
    </ClCompile>
    <ClCompile Include="connectionlog.cpp">
      <Filter>Source Files\Widgets</Filter>
    </ClCompile>
    <ClCompile Include="PullerReadTask.cpp">
      <Filter>Source Files</Filter>
    </ClCompile>
    <ClCompile Include="PullerWriteTask.cpp">
      <Filter>Source Files</Filter>
    </ClCompile>
    <ClCompile Include="PullerTaskBase.cpp">
      <Filter>Source Files</Filter>
    </ClCompile>
    <ClCompile Include="PullerGetDeviceInfoTask.cpp">
      <Filter>Source Files</Filter>
    </ClCompile>
    <ClCompile Include="ModbusPuller.cpp">
      <Filter>Source Files</Filter>
    </ClCompile>
    <ClCompile Include="GeneratedFiles\Debug\moc_ModbusPuller.cpp">
      <Filter>Generated Files\Debug</Filter>
    </ClCompile>
    <ClCompile Include="GeneratedFiles\Release\moc_ModbusPuller.cpp">
      <Filter>Generated Files\Release</Filter>
    </ClCompile>
    <ClCompile Include="GeneratedFiles\Debug\moc_DeviceExplorer.cpp">
      <Filter>Generated Files\Debug</Filter>
    </ClCompile>
    <ClCompile Include="GeneratedFiles\Release\moc_DeviceExplorer.cpp">
      <Filter>Generated Files\Release</Filter>
    </ClCompile>
    <ClCompile Include="DeviceExplorer.cpp">
      <Filter>Source Files</Filter>
    </ClCompile>
    <ClCompile Include="UART_DeviceStorage.cpp">
      <Filter>Source Files</Filter>
    </ClCompile>
    <ClCompile Include="GeneratedFiles\Debug\moc_UART_DeviceStorage.cpp">
      <Filter>Generated Files\Debug</Filter>
    </ClCompile>
    <ClCompile Include="GeneratedFiles\Release\moc_UART_DeviceStorage.cpp">
      <Filter>Generated Files\Release</Filter>
    </ClCompile>
    <ClCompile Include="ConnectedDeviceStorage.cpp">
      <Filter>Source Files</Filter>
    </ClCompile>
    <ClCompile Include="GeneratedFiles\Debug\moc_ConnectedDeviceStorage.cpp">
      <Filter>Generated Files\Debug</Filter>
    </ClCompile>
    <ClCompile Include="GeneratedFiles\Release\moc_ConnectedDeviceStorage.cpp">
      <Filter>Generated Files\Release</Filter>
    </ClCompile>
    <ClCompile Include="DeviceInfo.cpp">
      <Filter>Source Files</Filter>
    </ClCompile>
    <ClCompile Include="PullerReadCoilTask.cpp">
      <Filter>Source Files</Filter>
    </ClCompile>
    <ClCompile Include="PullerSetCoilTask.cpp">
      <Filter>Source Files</Filter>
    </ClCompile>
    <ClCompile Include="GeneratedFiles\Debug\moc_PreferencesWindow.cpp">
      <Filter>Generated Files\Debug</Filter>
    </ClCompile>
    <ClCompile Include="GeneratedFiles\Release\moc_PreferencesWindow.cpp">
      <Filter>Generated Files\Release</Filter>
    </ClCompile>
    <ClCompile Include="PreferencesWindow.cpp">
      <Filter>Source Files\Widgets</Filter>
    </ClCompile>
    <ClCompile Include="GeneratedFiles\Debug\moc_ExternalConnectionWindow.cpp">
      <Filter>Generated Files\Debug</Filter>
    </ClCompile>
    <ClCompile Include="GeneratedFiles\Release\moc_ExternalConnectionWindow.cpp">
      <Filter>Generated Files\Release</Filter>
    </ClCompile>
    <ClCompile Include="ExternalConnectionWindow.cpp">
      <Filter>Source Files\Widgets</Filter>
    </ClCompile>
    <ClCompile Include="GeneratedFiles\Debug\moc_UART_ConnectionWindow.cpp">
      <Filter>Generated Files\Debug</Filter>
    </ClCompile>
    <ClCompile Include="GeneratedFiles\Release\moc_UART_ConnectionWindow.cpp">
      <Filter>Generated Files\Release</Filter>
    </ClCompile>
    <ClCompile Include="UART_ConnectionWindow.cpp">
      <Filter>Source Files\Widgets</Filter>
    </ClCompile>
    <ClCompile Include="GeneratedFiles\Debug\moc_MdiSubWindowPermanent.cpp">
      <Filter>Generated Files\Debug</Filter>
    </ClCompile>
    <ClCompile Include="GeneratedFiles\Release\moc_MdiSubWindowPermanent.cpp">
      <Filter>Generated Files\Release</Filter>
    </ClCompile>
    <ClCompile Include="MdiSubWindowPermanent.cpp">
      <Filter>Source Files\Widgets</Filter>
    </ClCompile>
  </ItemGroup>
  <ItemGroup>
    <CustomBuild Include="aircoolcontroll.ui">
      <Filter>Form Files</Filter>
    </CustomBuild>
    <CustomBuild Include="aircoolcontroll.qrc">
      <Filter>Resource Files</Filter>
    </CustomBuild>
    <CustomBuild Include="connectionlog.ui">
      <Filter>Form Files</Filter>
    </CustomBuild>
    <CustomBuild Include="coolerstatewidget.ui">
      <Filter>Form Files</Filter>
    </CustomBuild>
    <CustomBuild Include="modbusuart_impl.h">
      <Filter>Header Files</Filter>
    </CustomBuild>
    <CustomBuild Include="Cooller_ModbusController.h">
      <Filter>Header Files</Filter>
    </CustomBuild>
    <CustomBuild Include="aircoolcontroll.h">
      <Filter>Header Files\Widgets</Filter>
    </CustomBuild>
    <CustomBuild Include="coolerstatewidget.h">
      <Filter>Header Files\Widgets</Filter>
    </CustomBuild>
    <CustomBuild Include="iplineedit.h">
      <Filter>Header Files\Widgets</Filter>
    </CustomBuild>
    <CustomBuild Include="externalconnector.h">
      <Filter>Header Files\ExternalConnection</Filter>
    </CustomBuild>
    <CustomBuild Include="externalcontrollmanager.h">
      <Filter>Header Files\ExternalConnection</Filter>
    </CustomBuild>
    <CustomBuild Include="ModbusDriver.h">
      <Filter>Header Files</Filter>
    </CustomBuild>
    <CustomBuild Include="coollergraphwidget.ui">
      <Filter>Form Files</Filter>
    </CustomBuild>
    <CustomBuild Include="coollergraphwidget.h">
      <Filter>Header Files\Widgets</Filter>
    </CustomBuild>
    <CustomBuild Include="connectionlog.h">
      <Filter>Header Files\Widgets</Filter>
    </CustomBuild>
    <CustomBuild Include="PullerReadTask.h">
      <Filter>Header Files</Filter>
    </CustomBuild>
    <CustomBuild Include="PullerGetDeviceInfoTask.h">
      <Filter>Header Files</Filter>
    </CustomBuild>
    <CustomBuild Include="PullerTaskBase.h">
      <Filter>Header Files</Filter>
    </CustomBuild>
    <CustomBuild Include="PullerWriteTask.h">
      <Filter>Header Files</Filter>
    </CustomBuild>
    <CustomBuild Include="ModbusPuller.h">
      <Filter>Header Files</Filter>
    </CustomBuild>
    <CustomBuild Include="DeviceExplorer.h">
      <Filter>Header Files</Filter>
    </CustomBuild>
    <CustomBuild Include="UART_DeviceStorage.h">
      <Filter>Header Files</Filter>
    </CustomBuild>
    <CustomBuild Include="ConnectedDeviceStorage.h">
      <Filter>Header Files</Filter>
    </CustomBuild>
    <CustomBuild Include="DeviceInfo.h">
      <Filter>Header Files</Filter>
    </CustomBuild>
    <CustomBuild Include="PreferencesWindow.ui">
      <Filter>Form Files</Filter>
    </CustomBuild>
    <CustomBuild Include="PreferencesWindow.h">
      <Filter>Header Files\Widgets</Filter>
    </CustomBuild>
    <CustomBuild Include="ExternalConnectionWindow.ui">
      <Filter>Form Files</Filter>
    </CustomBuild>
    <CustomBuild Include="ExternalConnectionWindow.h">
      <Filter>Header Files\Widgets</Filter>
    </CustomBuild>
    <CustomBuild Include="UART_ConnectionWindow.ui">
      <Filter>Form Files</Filter>
    </CustomBuild>
    <CustomBuild Include="UART_ConnectionWindow.h">
      <Filter>Header Files\Widgets</Filter>
    </CustomBuild>
    <CustomBuild Include="MdiSubWindowPermanent.h">
      <Filter>Header Files\Widgets</Filter>
    </CustomBuild>
  </ItemGroup>
  <ItemGroup>
    <ClInclude Include="GeneratedFiles\ui_aircoolcontroll.h">
      <Filter>Generated Files</Filter>
    </ClInclude>
    <ClInclude Include="GeneratedFiles\ui_connectionlog.h">
      <Filter>Generated Files</Filter>
    </ClInclude>
    <ClInclude Include="GeneratedFiles\ui_coolerstatewidget.h">
      <Filter>Generated Files</Filter>
    </ClInclude>
    <ClInclude Include="Logger.h">
      <Filter>Header Files</Filter>
    </ClInclude>
    <ClInclude Include="Configurator.h">
      <Filter>Header Files</Filter>
    </ClInclude>
    <ClInclude Include="ConfigMap.h">
      <Filter>Header Files</Filter>
    </ClInclude>
    <ClInclude Include="RequestRouter.h">
      <Filter>Header Files\ExternalConnection</Filter>
    </ClInclude>
    <ClInclude Include="Interval.h">
      <Filter>Header Files</Filter>
    </ClInclude>
    <ClInclude Include="VersionStorage.h">
      <Filter>Header Files</Filter>
    </ClInclude>
    <ClInclude Include="GeneratedFiles\ui_coollergraphwidget.h">
      <Filter>Generated Files</Filter>
    </ClInclude>
    <ClInclude Include="PullerReadCoilTask.h">
      <Filter>Header Files</Filter>
    </ClInclude>
    <ClInclude Include="PullerSetCoilTask.h">
      <Filter>Header Files</Filter>
    </ClInclude>
    <ClInclude Include="GeneratedFiles\ui_PreferencesWindow.h">
      <Filter>Generated Files</Filter>
    </ClInclude>
    <ClInclude Include="GeneratedFiles\ui_ExternalConnectionWindow.h">
      <Filter>Generated Files</Filter>
    </ClInclude>
    <ClInclude Include="GeneratedFiles\ui_UART_ConnectionWindow.h">
      <Filter>Generated Files</Filter>
    </ClInclude>
    <ClInclude Include="MdiContainer.h">
      <Filter>Header Files\Widgets</Filter>
    </ClInclude>
  </ItemGroup>
  <ItemGroup>
    <Xml Include="..\..\configs\TEKO_COOLER_0_0_1.xml" />
  </ItemGroup>
</Project>